
Microsoft Visual Studio Solution File, Format Version 12.00
# Visual Studio 14
VisualStudioVersion = 14.0.23107.0
MinimumVisualStudioVersion = 10.0.40219.1
Project("{FAE04EC0-301F-11D3-BF4B-00C04F79EFBC}") = "CatVersusMousePrototype", "CatVersusMousePrototype\CatVersusMousePrototype.csproj", "{93581359-3234-4C0C-BC08-B6AD177B2B2F}"
EndProject
Project("{FAE04EC0-301F-11D3-BF4B-00C04F79EFBC}") = "GameController", "GameController\GameController.csproj", "{80CBFF70-B369-4C6C-9437-5280BC487602}"
EndProject
Global
	GlobalSection(SolutionConfigurationPlatforms) = preSolution
		Debug|Any CPU = Debug|Any CPU
		Release|Any CPU = Release|Any CPU
	EndGlobalSection
	GlobalSection(ProjectConfigurationPlatforms) = postSolution
		{93581359-3234-4C0C-BC08-B6AD177B2B2F}.Debug|Any CPU.ActiveCfg = Debug|Any CPU
		{93581359-3234-4C0C-BC08-B6AD177B2B2F}.Debug|Any CPU.Build.0 = Debug|Any CPU
		{93581359-3234-4C0C-BC08-B6AD177B2B2F}.Release|Any CPU.ActiveCfg = Release|Any CPU
		{93581359-3234-4C0C-BC08-B6AD177B2B2F}.Release|Any CPU.Build.0 = Release|Any CPU
		{80CBFF70-B369-4C6C-9437-5280BC487602}.Debug|Any CPU.ActiveCfg = Debug|Any CPU
		{80CBFF70-B369-4C6C-9437-5280BC487602}.Debug|Any CPU.Build.0 = Debug|Any CPU
		{80CBFF70-B369-4C6C-9437-5280BC487602}.Release|Any CPU.ActiveCfg = Release|Any CPU
		{80CBFF70-B369-4C6C-9437-5280BC487602}.Release|Any CPU.Build.0 = Release|Any CPU
	EndGlobalSection
	GlobalSection(SolutionProperties) = preSolution
		HideSolutionNode = FALSE
	EndGlobalSection
EndGlobal
